// !$*UTF8*$!
{
	archiveVersion = 1;
	classes = {
	};
	objectVersion = 46;
	objects = {

/* Begin PBXBuildFile section */
		FE1DF41F1C1E38BA001BF8EC /* Run_Tracker.xcdatamodeld in Sources */ = {isa = PBXBuildFile; fileRef = FE1DF41D1C1E38BA001BF8EC /* Run_Tracker.xcdatamodeld */; };
		FE1DF4281C1E39A1001BF8EC /* Location+CoreDataProperties.m in Sources */ = {isa = PBXBuildFile; fileRef = FE1DF4211C1E39A1001BF8EC /* Location+CoreDataProperties.m */; };
		FE1DF4291C1E39A1001BF8EC /* Location.m in Sources */ = {isa = PBXBuildFile; fileRef = FE1DF4231C1E39A1001BF8EC /* Location.m */; };
		FE1DF42A1C1E39A1001BF8EC /* Run+CoreDataProperties.m in Sources */ = {isa = PBXBuildFile; fileRef = FE1DF4251C1E39A1001BF8EC /* Run+CoreDataProperties.m */; };
		FE1DF42B1C1E39A1001BF8EC /* Run.m in Sources */ = {isa = PBXBuildFile; fileRef = FE1DF4271C1E39A1001BF8EC /* Run.m */; };
		FE1DF4331C1E3B0F001BF8EC /* CoreData.framework in Frameworks */ = {isa = PBXBuildFile; fileRef = FE1DF42F1C1E3B0F001BF8EC /* CoreData.framework */; };
		FE1DF4341C1E3B0F001BF8EC /* CoreGraphics.framework in Frameworks */ = {isa = PBXBuildFile; fileRef = FE1DF4301C1E3B0F001BF8EC /* CoreGraphics.framework */; };
		FE1DF4351C1E3B0F001BF8EC /* Foundation.framework in Frameworks */ = {isa = PBXBuildFile; fileRef = FE1DF4311C1E3B0F001BF8EC /* Foundation.framework */; };
		FE1DF4361C1E3B0F001BF8EC /* UIKit.framework in Frameworks */ = {isa = PBXBuildFile; fileRef = FE1DF4321C1E3B0F001BF8EC /* UIKit.framework */; };
		FE1DF43C1C1E49C6001BF8EC /* DetailViewController.m in Sources */ = {isa = PBXBuildFile; fileRef = FE1DF4391C1E49C6001BF8EC /* DetailViewController.m */; };
		FE1DF4461C1E53CE001BF8EC /* HomeViewController.m in Sources */ = {isa = PBXBuildFile; fileRef = FE1DF4451C1E53CE001BF8EC /* HomeViewController.m */; };
		FE1DF4491C1E545C001BF8EC /* NewRunViewController.m in Sources */ = {isa = PBXBuildFile; fileRef = FE1DF4481C1E545C001BF8EC /* NewRunViewController.m */; };
		FE1DF44C1C1E58CA001BF8EC /* MathController.m in Sources */ = {isa = PBXBuildFile; fileRef = FE1DF44B1C1E58CA001BF8EC /* MathController.m */; };
		FE1DF44F1C1E6AF7001BF8EC /* MulticolorPolylineSegment.m in Sources */ = {isa = PBXBuildFile; fileRef = FE1DF44E1C1E6AF7001BF8EC /* MulticolorPolylineSegment.m */; };
		FE3293E01C1E32A200E7F5EB /* main.m in Sources */ = {isa = PBXBuildFile; fileRef = FE3293DF1C1E32A200E7F5EB /* main.m */; };
		FE3293E31C1E32A200E7F5EB /* AppDelegate.m in Sources */ = {isa = PBXBuildFile; fileRef = FE3293E21C1E32A200E7F5EB /* AppDelegate.m */; };
		FE3293EF1C1E32A200E7F5EB /* Main.storyboard in Resources */ = {isa = PBXBuildFile; fileRef = FE3293ED1C1E32A200E7F5EB /* Main.storyboard */; };
		FE3293F11C1E32A200E7F5EB /* Assets.xcassets in Resources */ = {isa = PBXBuildFile; fileRef = FE3293F01C1E32A200E7F5EB /* Assets.xcassets */; };
		FE3293F41C1E32A200E7F5EB /* LaunchScreen.storyboard in Resources */ = {isa = PBXBuildFile; fileRef = FE3293F21C1E32A200E7F5EB /* LaunchScreen.storyboard */; };
		FEFFAA171C21A1A800BB7259 /* MapKit.framework in Frameworks */ = {isa = PBXBuildFile; fileRef = FEFFAA161C21A1A800BB7259 /* MapKit.framework */; };
		FEFFAA191C21A20700BB7259 /* CoreLocation.framework in Frameworks */ = {isa = PBXBuildFile; fileRef = FEFFAA181C21A20700BB7259 /* CoreLocation.framework */; };
/* End PBXBuildFile section */

/* Begin PBXFileReference section */
		FE1DF41E1C1E38BA001BF8EC /* Run_Tracker.xcdatamodel */ = {isa = PBXFileReference; lastKnownFileType = wrapper.xcdatamodel; path = Run_Tracker.xcdatamodel; sourceTree = "<group>"; };
		FE1DF4201C1E39A1001BF8EC /* Location+CoreDataProperties.h */ = {isa = PBXFileReference; fileEncoding = 4; lastKnownFileType = sourcecode.c.h; path = "Location+CoreDataProperties.h"; sourceTree = "<group>"; };
		FE1DF4211C1E39A1001BF8EC /* Location+CoreDataProperties.m */ = {isa = PBXFileReference; fileEncoding = 4; lastKnownFileType = sourcecode.c.objc; path = "Location+CoreDataProperties.m"; sourceTree = "<group>"; };
		FE1DF4221C1E39A1001BF8EC /* Location.h */ = {isa = PBXFileReference; fileEncoding = 4; lastKnownFileType = sourcecode.c.h; path = Location.h; sourceTree = "<group>"; };
		FE1DF4231C1E39A1001BF8EC /* Location.m */ = {isa = PBXFileReference; fileEncoding = 4; lastKnownFileType = sourcecode.c.objc; path = Location.m; sourceTree = "<group>"; };
		FE1DF4241C1E39A1001BF8EC /* Run+CoreDataProperties.h */ = {isa = PBXFileReference; fileEncoding = 4; lastKnownFileType = sourcecode.c.h; path = "Run+CoreDataProperties.h"; sourceTree = "<group>"; };
		FE1DF4251C1E39A1001BF8EC /* Run+CoreDataProperties.m */ = {isa = PBXFileReference; fileEncoding = 4; lastKnownFileType = sourcecode.c.objc; path = "Run+CoreDataProperties.m"; sourceTree = "<group>"; };
		FE1DF4261C1E39A1001BF8EC /* Run.h */ = {isa = PBXFileReference; fileEncoding = 4; lastKnownFileType = sourcecode.c.h; path = Run.h; sourceTree = "<group>"; };
		FE1DF4271C1E39A1001BF8EC /* Run.m */ = {isa = PBXFileReference; fileEncoding = 4; lastKnownFileType = sourcecode.c.objc; path = Run.m; sourceTree = "<group>"; };
		FE1DF42F1C1E3B0F001BF8EC /* CoreData.framework */ = {isa = PBXFileReference; lastKnownFileType = wrapper.framework; name = CoreData.framework; path = System/Library/Frameworks/CoreData.framework; sourceTree = SDKROOT; };
		FE1DF4301C1E3B0F001BF8EC /* CoreGraphics.framework */ = {isa = PBXFileReference; lastKnownFileType = wrapper.framework; name = CoreGraphics.framework; path = System/Library/Frameworks/CoreGraphics.framework; sourceTree = SDKROOT; };
		FE1DF4311C1E3B0F001BF8EC /* Foundation.framework */ = {isa = PBXFileReference; lastKnownFileType = wrapper.framework; name = Foundation.framework; path = System/Library/Frameworks/Foundation.framework; sourceTree = SDKROOT; };
		FE1DF4321C1E3B0F001BF8EC /* UIKit.framework */ = {isa = PBXFileReference; lastKnownFileType = wrapper.framework; name = UIKit.framework; path = System/Library/Frameworks/UIKit.framework; sourceTree = SDKROOT; };
		FE1DF4381C1E49C6001BF8EC /* DetailViewController.h */ = {isa = PBXFileReference; fileEncoding = 4; lastKnownFileType = sourcecode.c.h; path = DetailViewController.h; sourceTree = "<group>"; };
		FE1DF4391C1E49C6001BF8EC /* DetailViewController.m */ = {isa = PBXFileReference; fileEncoding = 4; lastKnownFileType = sourcecode.c.objc; path = DetailViewController.m; sourceTree = "<group>"; };
		FE1DF4441C1E53CE001BF8EC /* HomeViewController.h */ = {isa = PBXFileReference; fileEncoding = 4; lastKnownFileType = sourcecode.c.h; path = HomeViewController.h; sourceTree = "<group>"; };
		FE1DF4451C1E53CE001BF8EC /* HomeViewController.m */ = {isa = PBXFileReference; fileEncoding = 4; lastKnownFileType = sourcecode.c.objc; path = HomeViewController.m; sourceTree = "<group>"; };
		FE1DF4471C1E545C001BF8EC /* NewRunViewController.h */ = {isa = PBXFileReference; fileEncoding = 4; lastKnownFileType = sourcecode.c.h; path = NewRunViewController.h; sourceTree = "<group>"; };
		FE1DF4481C1E545C001BF8EC /* NewRunViewController.m */ = {isa = PBXFileReference; fileEncoding = 4; lastKnownFileType = sourcecode.c.objc; path = NewRunViewController.m; sourceTree = "<group>"; };
		FE1DF44A1C1E58CA001BF8EC /* MathController.h */ = {isa = PBXFileReference; fileEncoding = 4; lastKnownFileType = sourcecode.c.h; path = MathController.h; sourceTree = "<group>"; };
		FE1DF44B1C1E58CA001BF8EC /* MathController.m */ = {isa = PBXFileReference; fileEncoding = 4; lastKnownFileType = sourcecode.c.objc; path = MathController.m; sourceTree = "<group>"; };
		FE1DF44D1C1E6AF7001BF8EC /* MulticolorPolylineSegment.h */ = {isa = PBXFileReference; fileEncoding = 4; lastKnownFileType = sourcecode.c.h; path = MulticolorPolylineSegment.h; sourceTree = "<group>"; };
		FE1DF44E1C1E6AF7001BF8EC /* MulticolorPolylineSegment.m */ = {isa = PBXFileReference; fileEncoding = 4; lastKnownFileType = sourcecode.c.objc; path = MulticolorPolylineSegment.m; sourceTree = "<group>"; };
		FE3293DB1C1E32A200E7F5EB /* Run Tracker.app */ = {isa = PBXFileReference; explicitFileType = wrapper.application; includeInIndex = 0; path = "Run Tracker.app"; sourceTree = BUILT_PRODUCTS_DIR; };
		FE3293DF1C1E32A200E7F5EB /* main.m */ = {isa = PBXFileReference; lastKnownFileType = sourcecode.c.objc; path = main.m; sourceTree = "<group>"; };
		FE3293E11C1E32A200E7F5EB /* AppDelegate.h */ = {isa = PBXFileReference; lastKnownFileType = sourcecode.c.h; path = AppDelegate.h; sourceTree = "<group>"; };
		FE3293E21C1E32A200E7F5EB /* AppDelegate.m */ = {isa = PBXFileReference; lastKnownFileType = sourcecode.c.objc; path = AppDelegate.m; sourceTree = "<group>"; };
		FE3293EE1C1E32A200E7F5EB /* Base */ = {isa = PBXFileReference; lastKnownFileType = file.storyboard; name = Base; path = Base.lproj/Main.storyboard; sourceTree = "<group>"; };
		FE3293F01C1E32A200E7F5EB /* Assets.xcassets */ = {isa = PBXFileReference; lastKnownFileType = folder.assetcatalog; path = Assets.xcassets; sourceTree = "<group>"; };
		FE3293F31C1E32A200E7F5EB /* Base */ = {isa = PBXFileReference; lastKnownFileType = file.storyboard; name = Base; path = Base.lproj/LaunchScreen.storyboard; sourceTree = "<group>"; };
		FE3293F51C1E32A200E7F5EB /* Info.plist */ = {isa = PBXFileReference; lastKnownFileType = text.plist.xml; path = Info.plist; sourceTree = "<group>"; };
		FEFFAA161C21A1A800BB7259 /* MapKit.framework */ = {isa = PBXFileReference; lastKnownFileType = wrapper.framework; name = MapKit.framework; path = System/Library/Frameworks/MapKit.framework; sourceTree = SDKROOT; };
		FEFFAA181C21A20700BB7259 /* CoreLocation.framework */ = {isa = PBXFileReference; lastKnownFileType = wrapper.framework; name = CoreLocation.framework; path = System/Library/Frameworks/CoreLocation.framework; sourceTree = SDKROOT; };
/* End PBXFileReference section */

/* Begin PBXFrameworksBuildPhase section */
		FE3293D81C1E32A200E7F5EB /* Frameworks */ = {
			isa = PBXFrameworksBuildPhase;
			buildActionMask = 2147483647;
			files = (
				FEFFAA191C21A20700BB7259 /* CoreLocation.framework in Frameworks */,
				FE1DF4331C1E3B0F001BF8EC /* CoreData.framework in Frameworks */,
				FE1DF4341C1E3B0F001BF8EC /* CoreGraphics.framework in Frameworks */,
				FEFFAA171C21A1A800BB7259 /* MapKit.framework in Frameworks */,
				FE1DF4351C1E3B0F001BF8EC /* Foundation.framework in Frameworks */,
				FE1DF4361C1E3B0F001BF8EC /* UIKit.framework in Frameworks */,
			);
			runOnlyForDeploymentPostprocessing = 0;
		};
/* End PBXFrameworksBuildPhase section */

/* Begin PBXGroup section */
		FE1DF42C1C1E39B2001BF8EC /* CoreData */ = {
			isa = PBXGroup;
			children = (
				FE1DF4201C1E39A1001BF8EC /* Location+CoreDataProperties.h */,
				FE1DF4211C1E39A1001BF8EC /* Location+CoreDataProperties.m */,
				FE1DF4221C1E39A1001BF8EC /* Location.h */,
				FE1DF4231C1E39A1001BF8EC /* Location.m */,
				FE1DF4241C1E39A1001BF8EC /* Run+CoreDataProperties.h */,
				FE1DF4251C1E39A1001BF8EC /* Run+CoreDataProperties.m */,
				FE1DF4261C1E39A1001BF8EC /* Run.h */,
				FE1DF4271C1E39A1001BF8EC /* Run.m */,
			);
			name = CoreData;
			sourceTree = "<group>";
		};
		FE1DF4371C1E3B6E001BF8EC /* Library */ = {
			isa = PBXGroup;
			children = (
				FEFFAA181C21A20700BB7259 /* CoreLocation.framework */,
				FEFFAA161C21A1A800BB7259 /* MapKit.framework */,
				FE1DF42F1C1E3B0F001BF8EC /* CoreData.framework */,
				FE1DF4301C1E3B0F001BF8EC /* CoreGraphics.framework */,
				FE1DF4311C1E3B0F001BF8EC /* Foundation.framework */,
				FE1DF4321C1E3B0F001BF8EC /* UIKit.framework */,
			);
			name = Library;
			sourceTree = "<group>";
		};
		FE3293D21C1E32A200E7F5EB = {
			isa = PBXGroup;
			children = (
				FE3293DD1C1E32A200E7F5EB /* Run Tracker */,
				FE3293DC1C1E32A200E7F5EB /* Products */,
				FE1DF4371C1E3B6E001BF8EC /* Library */,
			);
			sourceTree = "<group>";
		};
		FE3293DC1C1E32A200E7F5EB /* Products */ = {
			isa = PBXGroup;
			children = (
				FE3293DB1C1E32A200E7F5EB /* Run Tracker.app */,
			);
			name = Products;
			sourceTree = "<group>";
		};
		FE3293DD1C1E32A200E7F5EB /* Run Tracker */ = {
			isa = PBXGroup;
			children = (
				FE3293E11C1E32A200E7F5EB /* AppDelegate.h */,
				FE3293E21C1E32A200E7F5EB /* AppDelegate.m */,
				FE1DF4441C1E53CE001BF8EC /* HomeViewController.h */,
				FE1DF4451C1E53CE001BF8EC /* HomeViewController.m */,
				FE1DF4471C1E545C001BF8EC /* NewRunViewController.h */,
				FE1DF4481C1E545C001BF8EC /* NewRunViewController.m */,
				FE1DF4381C1E49C6001BF8EC /* DetailViewController.h */,
				FE1DF4391C1E49C6001BF8EC /* DetailViewController.m */,
				FE1DF44A1C1E58CA001BF8EC /* MathController.h */,
				FE1DF44B1C1E58CA001BF8EC /* MathController.m */,
				FE3293ED1C1E32A200E7F5EB /* Main.storyboard */,
				FE1DF44D1C1E6AF7001BF8EC /* MulticolorPolylineSegment.h */,
				FE1DF44E1C1E6AF7001BF8EC /* MulticolorPolylineSegment.m */,
				FE3293F21C1E32A200E7F5EB /* LaunchScreen.storyboard */,
				FE3293F51C1E32A200E7F5EB /* Info.plist */,
				FE1DF41D1C1E38BA001BF8EC /* Run_Tracker.xcdatamodeld */,
				FE3293F01C1E32A200E7F5EB /* Assets.xcassets */,
				FE3293DE1C1E32A200E7F5EB /* Supporting Files */,
				FE1DF42C1C1E39B2001BF8EC /* CoreData */,
			);
			path = "Run Tracker";
			sourceTree = "<group>";
		};
		FE3293DE1C1E32A200E7F5EB /* Supporting Files */ = {
			isa = PBXGroup;
			children = (
				FE3293DF1C1E32A200E7F5EB /* main.m */,
			);
			name = "Supporting Files";
			sourceTree = "<group>";
		};
/* End PBXGroup section */

/* Begin PBXNativeTarget section */
		FE3293DA1C1E32A200E7F5EB /* Run Tracker */ = {
			isa = PBXNativeTarget;
			buildConfigurationList = FE3293F81C1E32A300E7F5EB /* Build configuration list for PBXNativeTarget "Run Tracker" */;
			buildPhases = (
				FE3293D71C1E32A200E7F5EB /* Sources */,
				FE3293D81C1E32A200E7F5EB /* Frameworks */,
				FE3293D91C1E32A200E7F5EB /* Resources */,
			);
			buildRules = (
			);
			dependencies = (
			);
			name = "Run Tracker";
			productName = "Run Tracker";
			productReference = FE3293DB1C1E32A200E7F5EB /* Run Tracker.app */;
			productType = "com.apple.product-type.application";
		};
/* End PBXNativeTarget section */

/* Begin PBXProject section */
		FE3293D31C1E32A200E7F5EB /* Project object */ = {
			isa = PBXProject;
			attributes = {
				LastUpgradeCheck = 0700;
				ORGANIZATIONNAME = Esma;
				TargetAttributes = {
					FE3293DA1C1E32A200E7F5EB = {
						CreatedOnToolsVersion = 7.0.1;
						DevelopmentTeam = ACUUQ78SSB;
						SystemCapabilities = {
							com.apple.BackgroundModes = {
								enabled = 1;
							};
							com.apple.Maps.iOS = {
								enabled = 1;
							};
						};
					};
				};
			};
			buildConfigurationList = FE3293D61C1E32A200E7F5EB /* Build configuration list for PBXProject "Run Tracker" */;
			compatibilityVersion = "Xcode 3.2";
			developmentRegion = English;
			hasScannedForEncodings = 0;
			knownRegions = (
				en,
				Base,
			);
			mainGroup = FE3293D21C1E32A200E7F5EB;
			productRefGroup = FE3293DC1C1E32A200E7F5EB /* Products */;
			projectDirPath = "";
			projectRoot = "";
			targets = (
				FE3293DA1C1E32A200E7F5EB /* Run Tracker */,
			);
		};
/* End PBXProject section */

/* Begin PBXResourcesBuildPhase section */
		FE3293D91C1E32A200E7F5EB /* Resources */ = {
			isa = PBXResourcesBuildPhase;
			buildActionMask = 2147483647;
			files = (
				FE3293F41C1E32A200E7F5EB /* LaunchScreen.storyboard in Resources */,
				FE3293F11C1E32A200E7F5EB /* Assets.xcassets in Resources */,
				FE3293EF1C1E32A200E7F5EB /* Main.storyboard in Resources */,
			);
			runOnlyForDeploymentPostprocessing = 0;
		};
/* End PBXResourcesBuildPhase section */

/* Begin PBXSourcesBuildPhase section */
		FE3293D71C1E32A200E7F5EB /* Sources */ = {
			isa = PBXSourcesBuildPhase;
			buildActionMask = 2147483647;
			files = (
				FE1DF42B1C1E39A1001BF8EC /* Run.m in Sources */,
				FE1DF4281C1E39A1001BF8EC /* Location+CoreDataProperties.m in Sources */,
				FE1DF4291C1E39A1001BF8EC /* Location.m in Sources */,
				FE1DF44F1C1E6AF7001BF8EC /* MulticolorPolylineSegment.m in Sources */,
				FE1DF43C1C1E49C6001BF8EC /* DetailViewController.m in Sources */,
				FE1DF42A1C1E39A1001BF8EC /* Run+CoreDataProperties.m in Sources */,
				FE1DF4461C1E53CE001BF8EC /* HomeViewController.m in Sources */,
				FE1DF41F1C1E38BA001BF8EC /* Run_Tracker.xcdatamodeld in Sources */,
				FE1DF4491C1E545C001BF8EC /* NewRunViewController.m in Sources */,
				FE1DF44C1C1E58CA001BF8EC /* MathController.m in Sources */,
				FE3293E31C1E32A200E7F5EB /* AppDelegate.m in Sources */,
				FE3293E01C1E32A200E7F5EB /* main.m in Sources */,
			);
			runOnlyForDeploymentPostprocessing = 0;
		};
/* End PBXSourcesBuildPhase section */

/* Begin PBXVariantGroup section */
		FE3293ED1C1E32A200E7F5EB /* Main.storyboard */ = {
			isa = PBXVariantGroup;
			children = (
				FE3293EE1C1E32A200E7F5EB /* Base */,
			);
			name = Main.storyboard;
			sourceTree = "<group>";
		};
		FE3293F21C1E32A200E7F5EB /* LaunchScreen.storyboard */ = {
			isa = PBXVariantGroup;
			children = (
				FE3293F31C1E32A200E7F5EB /* Base */,
			);
			name = LaunchScreen.storyboard;
			sourceTree = "<group>";
		};
/* End PBXVariantGroup section */

/* Begin XCBuildConfiguration section */
		FE3293F61C1E32A300E7F5EB /* Debug */ = {
			isa = XCBuildConfiguration;
			buildSettings = {
				ALWAYS_SEARCH_USER_PATHS = NO;
				CLANG_CXX_LANGUAGE_STANDARD = "gnu++0x";
				CLANG_CXX_LIBRARY = "libc++";
				CLANG_ENABLE_MODULES = YES;
				CLANG_ENABLE_OBJC_ARC = YES;
				CLANG_WARN_BOOL_CONVERSION = YES;
				CLANG_WARN_CONSTANT_CONVERSION = YES;
				CLANG_WARN_DIRECT_OBJC_ISA_USAGE = YES_ERROR;
				CLANG_WARN_EMPTY_BODY = YES;
				CLANG_WARN_ENUM_CONVERSION = YES;
				CLANG_WARN_INT_CONVERSION = YES;
				CLANG_WARN_OBJC_ROOT_CLASS = YES_ERROR;
				CLANG_WARN_UNREACHABLE_CODE = YES;
				CLANG_WARN__DUPLICATE_METHOD_MATCH = YES;
				"CODE_SIGN_IDENTITY[sdk=iphoneos*]" = "iPhone Developer";
				COPY_PHASE_STRIP = NO;
				DEBUG_INFORMATION_FORMAT = dwarf;
				ENABLE_STRICT_OBJC_MSGSEND = YES;
				ENABLE_TESTABILITY = YES;
				GCC_C_LANGUAGE_STANDARD = gnu99;
				GCC_DYNAMIC_NO_PIC = NO;
				GCC_NO_COMMON_BLOCKS = YES;
				GCC_OPTIMIZATION_LEVEL = 0;
				GCC_PREPROCESSOR_DEFINITIONS = (
					"DEBUG=1",
					"$(inherited)",
				);
				GCC_WARN_64_TO_32_BIT_CONVERSION = YES;
				GCC_WARN_ABOUT_RETURN_TYPE = YES_ERROR;
				GCC_WARN_UNDECLARED_SELECTOR = YES;
				GCC_WARN_UNINITIALIZED_AUTOS = YES_AGGRESSIVE;
				GCC_WARN_UNUSED_FUNCTION = YES;
				GCC_WARN_UNUSED_VARIABLE = YES;
				IPHONEOS_DEPLOYMENT_TARGET = 9.0;
				MTL_ENABLE_DEBUG_INFO = YES;
				ONLY_ACTIVE_ARCH = YES;
				SDKROOT = iphoneos;
			};
			name = Debug;
		};
		FE3293F71C1E32A300E7F5EB /* Release */ = {
			isa = XCBuildConfiguration;
			buildSettings = {
				ALWAYS_SEARCH_USER_PATHS = NO;
				CLANG_CXX_LANGUAGE_STANDARD = "gnu++0x";
				CLANG_CXX_LIBRARY = "libc++";
				CLANG_ENABLE_MODULES = YES;
				CLANG_ENABLE_OBJC_ARC = YES;
				CLANG_WARN_BOOL_CONVERSION = YES;
				CLANG_WARN_CONSTANT_CONVERSION = YES;
				CLANG_WARN_DIRECT_OBJC_ISA_USAGE = YES_ERROR;
				CLANG_WARN_EMPTY_BODY = YES;
				CLANG_WARN_ENUM_CONVERSION = YES;
				CLANG_WARN_INT_CONVERSION = YES;
				CLANG_WARN_OBJC_ROOT_CLASS = YES_ERROR;
				CLANG_WARN_UNREACHABLE_CODE = YES;
				CLANG_WARN__DUPLICATE_METHOD_MATCH = YES;
				"CODE_SIGN_IDENTITY[sdk=iphoneos*]" = "iPhone Developer";
				COPY_PHASE_STRIP = NO;
				DEBUG_INFORMATION_FORMAT = "dwarf-with-dsym";
				ENABLE_NS_ASSERTIONS = NO;
				ENABLE_STRICT_OBJC_MSGSEND = YES;
				GCC_C_LANGUAGE_STANDARD = gnu99;
				GCC_NO_COMMON_BLOCKS = YES;
				GCC_WARN_64_TO_32_BIT_CONVERSION = YES;
				GCC_WARN_ABOUT_RETURN_TYPE = YES_ERROR;
				GCC_WARN_UNDECLARED_SELECTOR = YES;
				GCC_WARN_UNINITIALIZED_AUTOS = YES_AGGRESSIVE;
				GCC_WARN_UNUSED_FUNCTION = YES;
				GCC_WARN_UNUSED_VARIABLE = YES;
				IPHONEOS_DEPLOYMENT_TARGET = 9.0;
				MTL_ENABLE_DEBUG_INFO = NO;
				SDKROOT = iphoneos;
				VALIDATE_PRODUCT = YES;
			};
			name = Release;
		};
		FE3293F91C1E32A300E7F5EB /* Debug */ = {
			isa = XCBuildConfiguration;
			buildSettings = {
				ASSETCATALOG_COMPILER_APPICON_NAME = AppIcon;
				CODE_SIGN_IDENTITY = "iPhone Developer";
				INFOPLIST_FILE = "Run Tracker/Info.plist";
				IPHONEOS_DEPLOYMENT_TARGET = 8.0;
				LD_RUNPATH_SEARCH_PATHS = "$(inherited) @executable_path/Frameworks";
				PRODUCT_BUNDLE_IDENTIFIER = "com.Esma.Run-Tracker";
				PRODUCT_NAME = "$(TARGET_NAME)";
			};
			name = Debug;
		};
		FE3293FA1C1E32A300E7F5EB /* Release */ = {
			isa = XCBuildConfiguration;
			buildSettings = {
				ASSETCATALOG_COMPILER_APPICON_NAME = AppIcon;
				CODE_SIGN_IDENTITY = "iPhone Developer";
				INFOPLIST_FILE = "Run Tracker/Info.plist";
				IPHONEOS_DEPLOYMENT_TARGET = 8.0;
				LD_RUNPATH_SEARCH_PATHS = "$(inherited) @executable_path/Frameworks";
				PRODUCT_BUNDLE_IDENTIFIER = "com.Esma.Run-Tracker";
				PRODUCT_NAME = "$(TARGET_NAME)";
			};
			name = Release;
		};
/* End XCBuildConfiguration section */

/* Begin XCConfigurationList section */
		FE3293D61C1E32A200E7F5EB /* Build configuration list for PBXProject "Run Tracker" */ = {
			isa = XCConfigurationList;
			buildConfigurations = (
				FE3293F61C1E32A300E7F5EB /* Debug */,
				FE3293F71C1E32A300E7F5EB /* Release */,
			);
			defaultConfigurationIsVisible = 0;
			defaultConfigurationName = Release;
		};
		FE3293F81C1E32A300E7F5EB /* Build configuration list for PBXNativeTarget "Run Tracker" */ = {
			isa = XCConfigurationList;
			buildConfigurations = (
				FE3293F91C1E32A300E7F5EB /* Debug */,
				FE3293FA1C1E32A300E7F5EB /* Release */,
			);
			defaultConfigurationIsVisible = 0;
			defaultConfigurationName = Release;
		};
/* End XCConfigurationList section */

/* Begin XCVersionGroup section */
		FE1DF41D1C1E38BA001BF8EC /* Run_Tracker.xcdatamodeld */ = {
			isa = XCVersionGroup;
			children = (
				FE1DF41E1C1E38BA001BF8EC /* Run_Tracker.xcdatamodel */,
			);
			currentVersion = FE1DF41E1C1E38BA001BF8EC /* Run_Tracker.xcdatamodel */;
			path = Run_Tracker.xcdatamodeld;
			sourceTree = "<group>";
			versionGroupType = wrapper.xcdatamodel;
		};
/* End XCVersionGroup section */
	};
	rootObject = FE3293D31C1E32A200E7F5EB /* Project object */;
}
